
Microsoft Visual Studio Solution File, Format Version 12.00
# Visual Studio Version 16
VisualStudioVersion = 16.0.30011.22
MinimumVisualStudioVersion = 10.0.40219.1
Project("{8BC9CEB8-8B4A-11D0-8D11-00A0C91BC942}") = "dama", "dama\dama.vcxproj", "{309974FA-1FC0-436F-ABB6-9A2EF581F887}"
EndProject
Global
	GlobalSection(SolutionConfigurationPlatforms) = preSolution
		Debug|x64 = Debug|x64
		Debug|x86 = Debug|x86
		Release|x64 = Release|x64
		Release|x86 = Release|x86
	EndGlobalSection
	GlobalSection(ProjectConfigurationPlatforms) = postSolution
		{309974FA-1FC0-436F-ABB6-9A2EF581F887}.Debug|x64.ActiveCfg = Debug|x64
		{309974FA-1FC0-436F-ABB6-9A2EF581F887}.Debug|x64.Build.0 = Debug|x64
		{309974FA-1FC0-436F-ABB6-9A2EF581F887}.Debug|x86.ActiveCfg = Debug|Win32
		{309974FA-1FC0-436F-ABB6-9A2EF581F887}.Debug|x86.Build.0 = Debug|Win32
		{309974FA-1FC0-436F-ABB6-9A2EF581F887}.Release|x64.ActiveCfg = Release|x64
		{309974FA-1FC0-436F-ABB6-9A2EF581F887}.Release|x64.Build.0 = Release|x64
		{309974FA-1FC0-436F-ABB6-9A2EF581F887}.Release|x86.ActiveCfg = Release|Win32
		{309974FA-1FC0-436F-ABB6-9A2EF581F887}.Release|x86.Build.0 = Release|Win32
	EndGlobalSection
	GlobalSection(SolutionProperties) = preSolution
		HideSolutionNode = FALSE
	EndGlobalSection
	GlobalSection(ExtensibilityGlobals) = postSolution
		SolutionGuid = {57A50B59-D12C-403E-9693-F4BCD2799F0D}
	EndGlobalSection
EndGlobal
